{
  "originHash" : "cb0d7e97f1b7acbcc7da9a0baf38e370eb904b95fde6822ea61a82d2cae8655a",
  "pins" : [
    {
      "identity" : "swift-syntax",
      "kind" : "remoteSourceControl",
      "location" : "https://github.com/swiftlang/swift-syntax.git",
      "state" : {
        "revision" : "65b02a90ad2cc213e09309faeb7f6909e0a8577a",
        "version" : "604.0.0-prerelease-2026-01-20"
      }
    },
    {
      "identity" : "swift-testing",
      "kind" : "remoteSourceControl",
      "location" : "https://github.com/apple/swift-testing.git",
      "state" : {
        "branch" : "main",
        "revision" : "15837acbbf13e476c30df79bc7bba025b364441f"
      }
    }
  ],
  "version" : 3
}
